// !$*UTF8*$!
{
	archiveVersion = 1;
	classes = {
	};
	objectVersion = 47;
	objects = {

/* Begin PBXBuildFile section */
		46C04FB791BE7A44015DB168 /* Pods_What_Wall_3D_IOSTests.framework in Frameworks */ = {isa = PBXBuildFile; fileRef = D52D6E6D431E813F292AFE5A /* Pods_What_Wall_3D_IOSTests.framework */; };
		5E6BC1261CD751DB00F6FF05 /* AppDelegate.swift in Sources */ = {isa = PBXBuildFile; fileRef = 5E6BC1251CD751DB00F6FF05 /* AppDelegate.swift */; };
		5E6BC1281CD751DB00F6FF05 /* art.scnassets in Resources */ = {isa = PBXBuildFile; fileRef = 5E6BC1271CD751DB00F6FF05 /* art.scnassets */; };
		5E6BC12A1CD751DB00F6FF05 /* GameViewController.swift in Sources */ = {isa = PBXBuildFile; fileRef = 5E6BC1291CD751DB00F6FF05 /* GameViewController.swift */; };
		5E6BC12D1CD751DB00F6FF05 /* Main.storyboard in Resources */ = {isa = PBXBuildFile; fileRef = 5E6BC12B1CD751DB00F6FF05 /* Main.storyboard */; };
		5E6BC12F1CD751DB00F6FF05 /* Assets.xcassets in Resources */ = {isa = PBXBuildFile; fileRef = 5E6BC12E1CD751DB00F6FF05 /* Assets.xcassets */; };
		5E6BC1321CD751DB00F6FF05 /* LaunchScreen.storyboard in Resources */ = {isa = PBXBuildFile; fileRef = 5E6BC1301CD751DB00F6FF05 /* LaunchScreen.storyboard */; };
		5E6BC13D1CD751DB00F6FF05 /* What_Wall_3D_IOSTests.swift in Sources */ = {isa = PBXBuildFile; fileRef = 5E6BC13C1CD751DB00F6FF05 /* What_Wall_3D_IOSTests.swift */; };
		5E6BC1481CD751DB00F6FF05 /* What_Wall_3D_IOSUITests.swift in Sources */ = {isa = PBXBuildFile; fileRef = 5E6BC1471CD751DB00F6FF05 /* What_Wall_3D_IOSUITests.swift */; };
		5E6BC1991CD7723200F6FF05 /* CornerBlock.swift in Sources */ = {isa = PBXBuildFile; fileRef = 5E6BC1831CD7723200F6FF05 /* CornerBlock.swift */; };
		5E6BC19A1CD7723200F6FF05 /* GameScene.sks in Resources */ = {isa = PBXBuildFile; fileRef = 5E6BC1841CD7723200F6FF05 /* GameScene.sks */; };
		5E6BC19B1CD7723200F6FF05 /* GameScene.swift in Sources */ = {isa = PBXBuildFile; fileRef = 5E6BC1851CD7723200F6FF05 /* GameScene.swift */; };
		5E6BC19C1CD7723200F6FF05 /* GameView.swift in Sources */ = {isa = PBXBuildFile; fileRef = 5E6BC1861CD7723200F6FF05 /* GameView.swift */; };
		5E6BC19D1CD7723200F6FF05 /* HudOverlay.swift in Sources */ = {isa = PBXBuildFile; fileRef = 5E6BC1871CD7723200F6FF05 /* HudOverlay.swift */; };
		5E6BC19E1CD7723200F6FF05 /* JoyStick.swift in Sources */ = {isa = PBXBuildFile; fileRef = 5E6BC1881CD7723200F6FF05 /* JoyStick.swift */; };
		5E6BC19F1CD7723200F6FF05 /* Maze.swift in Sources */ = {isa = PBXBuildFile; fileRef = 5E6BC1891CD7723200F6FF05 /* Maze.swift */; };
		5E6BC1A01CD7723200F6FF05 /* MazeCell.swift in Sources */ = {isa = PBXBuildFile; fileRef = 5E6BC18A1CD7723200F6FF05 /* MazeCell.swift */; };
		5E6BC1A31CD7723200F6FF05 /* MyParticle.sks in Resources */ = {isa = PBXBuildFile; fileRef = 5E6BC18D1CD7723200F6FF05 /* MyParticle.sks */; };
		5E6BC1A61CD7723200F6FF05 /* MyParticleSystem2.scnp in Resources */ = {isa = PBXBuildFile; fileRef = 5E6BC1901CD7723200F6FF05 /* MyParticleSystem2.scnp */; };
		5E6BC1A71CD7723200F6FF05 /* MyParticleSystem3.scnp in Resources */ = {isa = PBXBuildFile; fileRef = 5E6BC1911CD7723200F6FF05 /* MyParticleSystem3.scnp */; };
		5E6BC1A81CD7723200F6FF05 /* Player.swift in Sources */ = {isa = PBXBuildFile; fileRef = 5E6BC1921CD7723200F6FF05 /* Player.swift */; };
		5E6BC1AA1CD7723200F6FF05 /* SmashBlock.swift in Sources */ = {isa = PBXBuildFile; fileRef = 5E6BC1941CD7723200F6FF05 /* SmashBlock.swift */; };
		5E6BC1AB1CD7723200F6FF05 /* spark.png in Resources */ = {isa = PBXBuildFile; fileRef = 5E6BC1951CD7723200F6FF05 /* spark.png */; };
		5E6BC1AC1CD7723200F6FF05 /* star.png in Resources */ = {isa = PBXBuildFile; fileRef = 5E6BC1961CD7723200F6FF05 /* star.png */; };
		7D6AA26DA8AD8AA9A70703C8 /* Pods_What_Wall_3D_IOSUITests.framework in Frameworks */ = {isa = PBXBuildFile; fileRef = F2ED88C241346C206069170C /* Pods_What_Wall_3D_IOSUITests.framework */; };
		8505160D1D3F104D004D8047 /* NasaAPIAccountInfo in Resources */ = {isa = PBXBuildFile; fileRef = 8505160C1D3F104D004D8047 /* NasaAPIAccountInfo */; };
		851115C01D90D681006CF8C3 /* Logo image in Resources */ = {isa = PBXBuildFile; fileRef = 851115BF1D90D681006CF8C3 /* Logo image */; };
		854188D61D62177700006F02 /* tutorial images in Resources */ = {isa = PBXBuildFile; fileRef = 854188D51D62177700006F02 /* tutorial images */; };
		855A3BE61D58551A008AF847 /* GoogleService-Info.plist in Resources */ = {isa = PBXBuildFile; fileRef = 855A3BE51D58551A008AF847 /* GoogleService-Info.plist */; };
		855A3BEE1D58CCD0008AF847 /* OptionDetailsViewController.swift in Sources */ = {isa = PBXBuildFile; fileRef = 855A3BED1D58CCD0008AF847 /* OptionDetailsViewController.swift */; };
		855A3BF21D5B536A008AF847 /* NASA images in Resources */ = {isa = PBXBuildFile; fileRef = 855A3BF11D5B536A008AF847 /* NASA images */; };
		855A3BF41D5C826D008AF847 /* NASAImages.plist in Resources */ = {isa = PBXBuildFile; fileRef = 855A3BF31D5C826D008AF847 /* NASAImages.plist */; };
		855A3BF61D5DFB18008AF847 /* RootViewController.swift in Sources */ = {isa = PBXBuildFile; fileRef = 855A3BF51D5DFB18008AF847 /* RootViewController.swift */; };
		855A3BF81D5F03BB008AF847 /* CongratulationsViewController.swift in Sources */ = {isa = PBXBuildFile; fileRef = 855A3BF71D5F03BB008AF847 /* CongratulationsViewController.swift */; };
		855A3BFA1D5F58A3008AF847 /* Options.plist in Resources */ = {isa = PBXBuildFile; fileRef = 855A3BF91D5F58A3008AF847 /* Options.plist */; };
		85C3480D1EACC8FA00F228C3 /* Color.swift in Sources */ = {isa = PBXBuildFile; fileRef = 85C3480C1EACC8FA00F228C3 /* Color.swift */; };
		85F9EEA61D2A9F170033F1F0 /* TitlePageViewController.swift in Sources */ = {isa = PBXBuildFile; fileRef = 85F9EEA51D2A9F170033F1F0 /* TitlePageViewController.swift */; };
		85F9EEAA1D2ACEC90033F1F0 /* OptionsViewController.swift in Sources */ = {isa = PBXBuildFile; fileRef = 85F9EEA91D2ACEC90033F1F0 /* OptionsViewController.swift */; };
		BAC443EE66F5A67E0DB57DA0 /* Pods_What_Wall_3D_IOS.framework in Frameworks */ = {isa = PBXBuildFile; fileRef = C3515F94219850C7CF23BCE6 /* Pods_What_Wall_3D_IOS.framework */; };
/* End PBXBuildFile section */

/* Begin PBXContainerItemProxy section */
		5E6BC1391CD751DB00F6FF05 /* PBXContainerItemProxy */ = {
			isa = PBXContainerItemProxy;
			containerPortal = 5E6BC11A1CD751DB00F6FF05 /* Project object */;
			proxyType = 1;
			remoteGlobalIDString = 5E6BC1211CD751DB00F6FF05;
			remoteInfo = "What Wall 3D IOS";
		};
		5E6BC1441CD751DB00F6FF05 /* PBXContainerItemProxy */ = {
			isa = PBXContainerItemProxy;
			containerPortal = 5E6BC11A1CD751DB00F6FF05 /* Project object */;
			proxyType = 1;
			remoteGlobalIDString = 5E6BC1211CD751DB00F6FF05;
			remoteInfo = "What Wall 3D IOS";
		};
/* End PBXContainerItemProxy section */

/* Begin PBXFileReference section */
		19383F67FC5807333BFD78C5 /* Pods-What Wall 3D IOSUITests.release.xcconfig */ = {isa = PBXFileReference; includeInIndex = 1; lastKnownFileType = text.xcconfig; name = "Pods-What Wall 3D IOSUITests.release.xcconfig"; path = "Pods/Target Support Files/Pods-What Wall 3D IOSUITests/Pods-What Wall 3D IOSUITests.release.xcconfig"; sourceTree = "<group>"; };
		4465DEA6E3A4A8723CEF6DEA /* Pods-What Wall 3D IOSTests.debug.xcconfig */ = {isa = PBXFileReference; includeInIndex = 1; lastKnownFileType = text.xcconfig; name = "Pods-What Wall 3D IOSTests.debug.xcconfig"; path = "Pods/Target Support Files/Pods-What Wall 3D IOSTests/Pods-What Wall 3D IOSTests.debug.xcconfig"; sourceTree = "<group>"; };
		5E6BC1221CD751DB00F6FF05 /* What Wall 3D IOS.app */ = {isa = PBXFileReference; explicitFileType = wrapper.application; includeInIndex = 0; path = "What Wall 3D IOS.app"; sourceTree = BUILT_PRODUCTS_DIR; };
		5E6BC1251CD751DB00F6FF05 /* AppDelegate.swift */ = {isa = PBXFileReference; lastKnownFileType = sourcecode.swift; path = AppDelegate.swift; sourceTree = "<group>"; };
		5E6BC1271CD751DB00F6FF05 /* art.scnassets */ = {isa = PBXFileReference; lastKnownFileType = wrapper.scnassets; path = art.scnassets; sourceTree = "<group>"; };
		5E6BC1291CD751DB00F6FF05 /* GameViewController.swift */ = {isa = PBXFileReference; lastKnownFileType = sourcecode.swift; path = GameViewController.swift; sourceTree = "<group>"; };
		5E6BC12C1CD751DB00F6FF05 /* Base */ = {isa = PBXFileReference; lastKnownFileType = file.storyboard; name = Base; path = Base.lproj/Main.storyboard; sourceTree = "<group>"; };
		5E6BC12E1CD751DB00F6FF05 /* Assets.xcassets */ = {isa = PBXFileReference; lastKnownFileType = folder.assetcatalog; path = Assets.xcassets; sourceTree = "<group>"; };
		5E6BC1311CD751DB00F6FF05 /* Base */ = {isa = PBXFileReference; lastKnownFileType = file.storyboard; name = Base; path = Base.lproj/LaunchScreen.storyboard; sourceTree = "<group>"; };
		5E6BC1331CD751DB00F6FF05 /* Info.plist */ = {isa = PBXFileReference; lastKnownFileType = text.plist.xml; path = Info.plist; sourceTree = "<group>"; };
		5E6BC1381CD751DB00F6FF05 /* What Wall 3D IOSTests.xctest */ = {isa = PBXFileReference; explicitFileType = wrapper.cfbundle; includeInIndex = 0; path = "What Wall 3D IOSTests.xctest"; sourceTree = BUILT_PRODUCTS_DIR; };
		5E6BC13C1CD751DB00F6FF05 /* What_Wall_3D_IOSTests.swift */ = {isa = PBXFileReference; lastKnownFileType = sourcecode.swift; path = What_Wall_3D_IOSTests.swift; sourceTree = "<group>"; };
		5E6BC13E1CD751DB00F6FF05 /* Info.plist */ = {isa = PBXFileReference; lastKnownFileType = text.plist.xml; path = Info.plist; sourceTree = "<group>"; };
		5E6BC1431CD751DB00F6FF05 /* What Wall 3D IOSUITests.xctest */ = {isa = PBXFileReference; explicitFileType = wrapper.cfbundle; includeInIndex = 0; path = "What Wall 3D IOSUITests.xctest"; sourceTree = BUILT_PRODUCTS_DIR; };
		5E6BC1471CD751DB00F6FF05 /* What_Wall_3D_IOSUITests.swift */ = {isa = PBXFileReference; lastKnownFileType = sourcecode.swift; path = What_Wall_3D_IOSUITests.swift; sourceTree = "<group>"; };
		5E6BC1491CD751DB00F6FF05 /* Info.plist */ = {isa = PBXFileReference; lastKnownFileType = text.plist.xml; path = Info.plist; sourceTree = "<group>"; };
		5E6BC1831CD7723200F6FF05 /* CornerBlock.swift */ = {isa = PBXFileReference; fileEncoding = 4; lastKnownFileType = sourcecode.swift; path = CornerBlock.swift; sourceTree = "<group>"; };
		5E6BC1841CD7723200F6FF05 /* GameScene.sks */ = {isa = PBXFileReference; lastKnownFileType = file.sks; path = GameScene.sks; sourceTree = "<group>"; };
		5E6BC1851CD7723200F6FF05 /* GameScene.swift */ = {isa = PBXFileReference; fileEncoding = 4; lastKnownFileType = sourcecode.swift; path = GameScene.swift; sourceTree = "<group>"; };
		5E6BC1861CD7723200F6FF05 /* GameView.swift */ = {isa = PBXFileReference; fileEncoding = 4; lastKnownFileType = sourcecode.swift; path = GameView.swift; sourceTree = "<group>"; };
		5E6BC1871CD7723200F6FF05 /* HudOverlay.swift */ = {isa = PBXFileReference; fileEncoding = 4; lastKnownFileType = sourcecode.swift; path = HudOverlay.swift; sourceTree = "<group>"; };
		5E6BC1881CD7723200F6FF05 /* JoyStick.swift */ = {isa = PBXFileReference; fileEncoding = 4; lastKnownFileType = sourcecode.swift; path = JoyStick.swift; sourceTree = "<group>"; };
		5E6BC1891CD7723200F6FF05 /* Maze.swift */ = {isa = PBXFileReference; fileEncoding = 4; lastKnownFileType = sourcecode.swift; path = Maze.swift; sourceTree = "<group>"; };
		5E6BC18A1CD7723200F6FF05 /* MazeCell.swift */ = {isa = PBXFileReference; fileEncoding = 4; lastKnownFileType = sourcecode.swift; path = MazeCell.swift; sourceTree = "<group>"; };
		5E6BC18D1CD7723200F6FF05 /* MyParticle.sks */ = {isa = PBXFileReference; lastKnownFileType = file.sks; path = MyParticle.sks; sourceTree = "<group>"; };
		5E6BC1901CD7723200F6FF05 /* MyParticleSystem2.scnp */ = {isa = PBXFileReference; lastKnownFileType = file.scp; path = MyParticleSystem2.scnp; sourceTree = "<group>"; };
		5E6BC1911CD7723200F6FF05 /* MyParticleSystem3.scnp */ = {isa = PBXFileReference; lastKnownFileType = file.scp; path = MyParticleSystem3.scnp; sourceTree = "<group>"; };
		5E6BC1921CD7723200F6FF05 /* Player.swift */ = {isa = PBXFileReference; fileEncoding = 4; lastKnownFileType = sourcecode.swift; path = Player.swift; sourceTree = "<group>"; };
		5E6BC1941CD7723200F6FF05 /* SmashBlock.swift */ = {isa = PBXFileReference; fileEncoding = 4; lastKnownFileType = sourcecode.swift; path = SmashBlock.swift; sourceTree = "<group>"; };
		5E6BC1951CD7723200F6FF05 /* spark.png */ = {isa = PBXFileReference; lastKnownFileType = image.png; path = spark.png; sourceTree = "<group>"; };
		5E6BC1961CD7723200F6FF05 /* star.png */ = {isa = PBXFileReference; lastKnownFileType = image.png; path = star.png; sourceTree = "<group>"; };
		8505160C1D3F104D004D8047 /* NasaAPIAccountInfo */ = {isa = PBXFileReference; fileEncoding = 4; lastKnownFileType = text; path = NasaAPIAccountInfo; sourceTree = "<group>"; };
		851115BF1D90D681006CF8C3 /* Logo image */ = {isa = PBXFileReference; lastKnownFileType = folder; path = "Logo image"; sourceTree = SOURCE_ROOT; };
		854188D51D62177700006F02 /* tutorial images */ = {isa = PBXFileReference; lastKnownFileType = folder; path = "tutorial images"; sourceTree = SOURCE_ROOT; };
		855A3BE51D58551A008AF847 /* GoogleService-Info.plist */ = {isa = PBXFileReference; fileEncoding = 4; lastKnownFileType = text.plist.xml; path = "GoogleService-Info.plist"; sourceTree = SOURCE_ROOT; };
		855A3BED1D58CCD0008AF847 /* OptionDetailsViewController.swift */ = {isa = PBXFileReference; fileEncoding = 4; lastKnownFileType = sourcecode.swift; path = OptionDetailsViewController.swift; sourceTree = "<group>"; };
		855A3BF11D5B536A008AF847 /* NASA images */ = {isa = PBXFileReference; lastKnownFileType = folder; name = "NASA images"; path = "../../../../Documents/NASA images"; sourceTree = "<group>"; };
		855A3BF31D5C826D008AF847 /* NASAImages.plist */ = {isa = PBXFileReference; fileEncoding = 4; lastKnownFileType = text.plist.xml; path = NASAImages.plist; sourceTree = "<group>"; };
		855A3BF51D5DFB18008AF847 /* RootViewController.swift */ = {isa = PBXFileReference; fileEncoding = 4; lastKnownFileType = sourcecode.swift; path = RootViewController.swift; sourceTree = "<group>"; };
		855A3BF71D5F03BB008AF847 /* CongratulationsViewController.swift */ = {isa = PBXFileReference; fileEncoding = 4; lastKnownFileType = sourcecode.swift; path = CongratulationsViewController.swift; sourceTree = "<group>"; };
		855A3BF91D5F58A3008AF847 /* Options.plist */ = {isa = PBXFileReference; fileEncoding = 4; lastKnownFileType = text.plist.xml; path = Options.plist; sourceTree = "<group>"; };
		85C3480C1EACC8FA00F228C3 /* Color.swift */ = {isa = PBXFileReference; fileEncoding = 4; lastKnownFileType = sourcecode.swift; path = Color.swift; sourceTree = "<group>"; };
		85F9EEA51D2A9F170033F1F0 /* TitlePageViewController.swift */ = {isa = PBXFileReference; fileEncoding = 4; lastKnownFileType = sourcecode.swift; path = TitlePageViewController.swift; sourceTree = "<group>"; };
		85F9EEA91D2ACEC90033F1F0 /* OptionsViewController.swift */ = {isa = PBXFileReference; fileEncoding = 4; lastKnownFileType = sourcecode.swift; path = OptionsViewController.swift; sourceTree = "<group>"; };
		8AAE02ED659CC14A36048DF3 /* Pods-What Wall 3D IOSTests.release.xcconfig */ = {isa = PBXFileReference; includeInIndex = 1; lastKnownFileType = text.xcconfig; name = "Pods-What Wall 3D IOSTests.release.xcconfig"; path = "Pods/Target Support Files/Pods-What Wall 3D IOSTests/Pods-What Wall 3D IOSTests.release.xcconfig"; sourceTree = "<group>"; };
		9D3150717E9FBAB83DDF75BE /* Pods-What Wall 3D IOS.debug.xcconfig */ = {isa = PBXFileReference; includeInIndex = 1; lastKnownFileType = text.xcconfig; name = "Pods-What Wall 3D IOS.debug.xcconfig"; path = "Pods/Target Support Files/Pods-What Wall 3D IOS/Pods-What Wall 3D IOS.debug.xcconfig"; sourceTree = "<group>"; };
		AB3265D4602F2CF5DB8AF7BB /* Pods-What Wall 3D IOSUITests.debug.xcconfig */ = {isa = PBXFileReference; includeInIndex = 1; lastKnownFileType = text.xcconfig; name = "Pods-What Wall 3D IOSUITests.debug.xcconfig"; path = "Pods/Target Support Files/Pods-What Wall 3D IOSUITests/Pods-What Wall 3D IOSUITests.debug.xcconfig"; sourceTree = "<group>"; };
		C3515F94219850C7CF23BCE6 /* Pods_What_Wall_3D_IOS.framework */ = {isa = PBXFileReference; explicitFileType = wrapper.framework; includeInIndex = 0; path = Pods_What_Wall_3D_IOS.framework; sourceTree = BUILT_PRODUCTS_DIR; };
		D52D6E6D431E813F292AFE5A /* Pods_What_Wall_3D_IOSTests.framework */ = {isa = PBXFileReference; explicitFileType = wrapper.framework; includeInIndex = 0; path = Pods_What_Wall_3D_IOSTests.framework; sourceTree = BUILT_PRODUCTS_DIR; };
		F2ED88C241346C206069170C /* Pods_What_Wall_3D_IOSUITests.framework */ = {isa = PBXFileReference; explicitFileType = wrapper.framework; includeInIndex = 0; path = Pods_What_Wall_3D_IOSUITests.framework; sourceTree = BUILT_PRODUCTS_DIR; };
		F3337401632092CF164670B7 /* Pods-What Wall 3D IOS.release.xcconfig */ = {isa = PBXFileReference; includeInIndex = 1; lastKnownFileType = text.xcconfig; name = "Pods-What Wall 3D IOS.release.xcconfig"; path = "Pods/Target Support Files/Pods-What Wall 3D IOS/Pods-What Wall 3D IOS.release.xcconfig"; sourceTree = "<group>"; };
/* End PBXFileReference section */

/* Begin PBXFrameworksBuildPhase section */
		5E6BC11F1CD751DB00F6FF05 /* Frameworks */ = {
			isa = PBXFrameworksBuildPhase;
			buildActionMask = 2147483647;
			files = (
				BAC443EE66F5A67E0DB57DA0 /* Pods_What_Wall_3D_IOS.framework in Frameworks */,
			);
			runOnlyForDeploymentPostprocessing = 0;
		};
		5E6BC1351CD751DB00F6FF05 /* Frameworks */ = {
			isa = PBXFrameworksBuildPhase;
			buildActionMask = 2147483647;
			files = (
				46C04FB791BE7A44015DB168 /* Pods_What_Wall_3D_IOSTests.framework in Frameworks */,
			);
			runOnlyForDeploymentPostprocessing = 0;
		};
		5E6BC1401CD751DB00F6FF05 /* Frameworks */ = {
			isa = PBXFrameworksBuildPhase;
			buildActionMask = 2147483647;
			files = (
				7D6AA26DA8AD8AA9A70703C8 /* Pods_What_Wall_3D_IOSUITests.framework in Frameworks */,
			);
			runOnlyForDeploymentPostprocessing = 0;
		};
/* End PBXFrameworksBuildPhase section */

/* Begin PBXGroup section */
		5E6BC1191CD751DB00F6FF05 = {
			isa = PBXGroup;
			children = (
				5E6BC1241CD751DB00F6FF05 /* What Wall 3D IOS */,
				5E6BC13B1CD751DB00F6FF05 /* What Wall 3D IOSTests */,
				5E6BC1461CD751DB00F6FF05 /* What Wall 3D IOSUITests */,
				5E6BC1231CD751DB00F6FF05 /* Products */,
				B45D2F8A218F937A490AAE02 /* Pods */,
				89817678FF83ADF261805111 /* Frameworks */,
			);
			sourceTree = "<group>";
		};
		5E6BC1231CD751DB00F6FF05 /* Products */ = {
			isa = PBXGroup;
			children = (
				5E6BC1221CD751DB00F6FF05 /* What Wall 3D IOS.app */,
				5E6BC1381CD751DB00F6FF05 /* What Wall 3D IOSTests.xctest */,
				5E6BC1431CD751DB00F6FF05 /* What Wall 3D IOSUITests.xctest */,
			);
			name = Products;
			sourceTree = "<group>";
		};
		5E6BC1241CD751DB00F6FF05 /* What Wall 3D IOS */ = {
			isa = PBXGroup;
			children = (
				5E6BC1251CD751DB00F6FF05 /* AppDelegate.swift */,
				5E6BC1841CD7723200F6FF05 /* GameScene.sks */,
				5E6BC1851CD7723200F6FF05 /* GameScene.swift */,
				5E6BC1291CD751DB00F6FF05 /* GameViewController.swift */,
				5E6BC12B1CD751DB00F6FF05 /* Main.storyboard */,
				5E6BC12E1CD751DB00F6FF05 /* Assets.xcassets */,
				5E6BC1301CD751DB00F6FF05 /* LaunchScreen.storyboard */,
				5E6BC1331CD751DB00F6FF05 /* Info.plist */,
				5E6BC1861CD7723200F6FF05 /* GameView.swift */,
				5E6BC1831CD7723200F6FF05 /* CornerBlock.swift */,
				5E6BC1871CD7723200F6FF05 /* HudOverlay.swift */,
				5E6BC1881CD7723200F6FF05 /* JoyStick.swift */,
				5E6BC1891CD7723200F6FF05 /* Maze.swift */,
				5E6BC18A1CD7723200F6FF05 /* MazeCell.swift */,
				85C3480C1EACC8FA00F228C3 /* Color.swift */,
				5E6BC1921CD7723200F6FF05 /* Player.swift */,
				5E6BC1941CD7723200F6FF05 /* SmashBlock.swift */,
				855A3BF71D5F03BB008AF847 /* CongratulationsViewController.swift */,
				855A3BF51D5DFB18008AF847 /* RootViewController.swift */,
				85F9EEA51D2A9F170033F1F0 /* TitlePageViewController.swift */,
				85F9EEA91D2ACEC90033F1F0 /* OptionsViewController.swift */,
				855A3BED1D58CCD0008AF847 /* OptionDetailsViewController.swift */,
				5E6BC1961CD7723200F6FF05 /* star.png */,
				5E6BC1951CD7723200F6FF05 /* spark.png */,
				5E6BC18D1CD7723200F6FF05 /* MyParticle.sks */,
				5E6BC1901CD7723200F6FF05 /* MyParticleSystem2.scnp */,
				5E6BC1911CD7723200F6FF05 /* MyParticleSystem3.scnp */,
				855A3BF91D5F58A3008AF847 /* Options.plist */,
				855A3BE51D58551A008AF847 /* GoogleService-Info.plist */,
				8505160C1D3F104D004D8047 /* NasaAPIAccountInfo */,
				855A3BF31D5C826D008AF847 /* NASAImages.plist */,
				851115BF1D90D681006CF8C3 /* Logo image */,
				5E6BC1271CD751DB00F6FF05 /* art.scnassets */,
				854188D51D62177700006F02 /* tutorial images */,
				855A3BF11D5B536A008AF847 /* NASA images */,
			);
			path = "What Wall 3D IOS";
			sourceTree = "<group>";
		};
		5E6BC13B1CD751DB00F6FF05 /* What Wall 3D IOSTests */ = {
			isa = PBXGroup;
			children = (
				5E6BC13C1CD751DB00F6FF05 /* What_Wall_3D_IOSTests.swift */,
				5E6BC13E1CD751DB00F6FF05 /* Info.plist */,
			);
			path = "What Wall 3D IOSTests";
			sourceTree = "<group>";
		};
		5E6BC1461CD751DB00F6FF05 /* What Wall 3D IOSUITests */ = {
			isa = PBXGroup;
			children = (
				5E6BC1471CD751DB00F6FF05 /* What_Wall_3D_IOSUITests.swift */,
				5E6BC1491CD751DB00F6FF05 /* Info.plist */,
			);
			path = "What Wall 3D IOSUITests";
			sourceTree = "<group>";
		};
		89817678FF83ADF261805111 /* Frameworks */ = {
			isa = PBXGroup;
			children = (
				C3515F94219850C7CF23BCE6 /* Pods_What_Wall_3D_IOS.framework */,
				D52D6E6D431E813F292AFE5A /* Pods_What_Wall_3D_IOSTests.framework */,
				F2ED88C241346C206069170C /* Pods_What_Wall_3D_IOSUITests.framework */,
			);
			name = Frameworks;
			sourceTree = "<group>";
		};
		B45D2F8A218F937A490AAE02 /* Pods */ = {
			isa = PBXGroup;
			children = (
				9D3150717E9FBAB83DDF75BE /* Pods-What Wall 3D IOS.debug.xcconfig */,
				F3337401632092CF164670B7 /* Pods-What Wall 3D IOS.release.xcconfig */,
				4465DEA6E3A4A8723CEF6DEA /* Pods-What Wall 3D IOSTests.debug.xcconfig */,
				8AAE02ED659CC14A36048DF3 /* Pods-What Wall 3D IOSTests.release.xcconfig */,
				AB3265D4602F2CF5DB8AF7BB /* Pods-What Wall 3D IOSUITests.debug.xcconfig */,
				19383F67FC5807333BFD78C5 /* Pods-What Wall 3D IOSUITests.release.xcconfig */,
			);
			name = Pods;
			sourceTree = "<group>";
		};
/* End PBXGroup section */

/* Begin PBXNativeTarget section */
		5E6BC1211CD751DB00F6FF05 /* What Wall 3D IOS */ = {
			isa = PBXNativeTarget;
			buildConfigurationList = 5E6BC14C1CD751DB00F6FF05 /* Build configuration list for PBXNativeTarget "What Wall 3D IOS" */;
			buildPhases = (
				8E390B8DAFF57A3A2F02E10A /* [CP] Check Pods Manifest.lock */,
				5E6BC11E1CD751DB00F6FF05 /* Sources */,
				5E6BC11F1CD751DB00F6FF05 /* Frameworks */,
				5E6BC1201CD751DB00F6FF05 /* Resources */,
				338CEC0B37A9D7B4151B5CFE /* [CP] Embed Pods Frameworks */,
				A42DB2207DD57978B451F3F5 /* [CP] Copy Pods Resources */,
			);
			buildRules = (
			);
			dependencies = (
			);
			name = "What Wall 3D IOS";
			productName = "What Wall 3D IOS";
			productReference = 5E6BC1221CD751DB00F6FF05 /* What Wall 3D IOS.app */;
			productType = "com.apple.product-type.application";
		};
		5E6BC1371CD751DB00F6FF05 /* What Wall 3D IOSTests */ = {
			isa = PBXNativeTarget;
			buildConfigurationList = 5E6BC14F1CD751DB00F6FF05 /* Build configuration list for PBXNativeTarget "What Wall 3D IOSTests" */;
			buildPhases = (
				9D5A7F649DA42C22D81D5925 /* [CP] Check Pods Manifest.lock */,
				5E6BC1341CD751DB00F6FF05 /* Sources */,
				5E6BC1351CD751DB00F6FF05 /* Frameworks */,
				5E6BC1361CD751DB00F6FF05 /* Resources */,
				A2DE7F27465F03D0E17A43B8 /* [CP] Embed Pods Frameworks */,
				631116EB98448CA6F587429D /* [CP] Copy Pods Resources */,
			);
			buildRules = (
			);
			dependencies = (
				5E6BC13A1CD751DB00F6FF05 /* PBXTargetDependency */,
			);
			name = "What Wall 3D IOSTests";
			productName = "What Wall 3D IOSTests";
			productReference = 5E6BC1381CD751DB00F6FF05 /* What Wall 3D IOSTests.xctest */;
			productType = "com.apple.product-type.bundle.unit-test";
		};
		5E6BC1421CD751DB00F6FF05 /* What Wall 3D IOSUITests */ = {
			isa = PBXNativeTarget;
			buildConfigurationList = 5E6BC1521CD751DB00F6FF05 /* Build configuration list for PBXNativeTarget "What Wall 3D IOSUITests" */;
			buildPhases = (
				2D3031371AF8F8CB34BC8D1A /* [CP] Check Pods Manifest.lock */,
				5E6BC13F1CD751DB00F6FF05 /* Sources */,
				5E6BC1401CD751DB00F6FF05 /* Frameworks */,
				5E6BC1411CD751DB00F6FF05 /* Resources */,
				1368C9F93B22236A86301955 /* [CP] Copy Pods Resources */,
			);
			buildRules = (
			);
			dependencies = (
				5E6BC1451CD751DB00F6FF05 /* PBXTargetDependency */,
			);
			name = "What Wall 3D IOSUITests";
			productName = "What Wall 3D IOSUITests";
			productReference = 5E6BC1431CD751DB00F6FF05 /* What Wall 3D IOSUITests.xctest */;
			productType = "com.apple.product-type.bundle.ui-testing";
		};
/* End PBXNativeTarget section */

/* Begin PBXProject section */
		5E6BC11A1CD751DB00F6FF05 /* Project object */ = {
			isa = PBXProject;
			attributes = {
				LastSwiftUpdateCheck = 0720;
				LastUpgradeCheck = 0820;
				ORGANIZATIONNAME = future;
				TargetAttributes = {
					5E6BC1211CD751DB00F6FF05 = {
						CreatedOnToolsVersion = 7.2;
						DevelopmentTeam = 8897JVSJ4V;
						LastSwiftMigration = 0820;
					};
					5E6BC1371CD751DB00F6FF05 = {
						CreatedOnToolsVersion = 7.2;
						LastSwiftMigration = 0820;
						TestTargetID = 5E6BC1211CD751DB00F6FF05;
					};
					5E6BC1421CD751DB00F6FF05 = {
						CreatedOnToolsVersion = 7.2;
						LastSwiftMigration = 0820;
						TestTargetID = 5E6BC1211CD751DB00F6FF05;
					};
				};
			};
			buildConfigurationList = 5E6BC11D1CD751DB00F6FF05 /* Build configuration list for PBXProject "What Wall 3D IOS" */;
			compatibilityVersion = "Xcode 6.3";
			developmentRegion = English;
			hasScannedForEncodings = 0;
			knownRegions = (
				en,
				Base,
			);
			mainGroup = 5E6BC1191CD751DB00F6FF05;
			productRefGroup = 5E6BC1231CD751DB00F6FF05 /* Products */;
			projectDirPath = "";
			projectRoot = "";
			targets = (
				5E6BC1211CD751DB00F6FF05 /* What Wall 3D IOS */,
				5E6BC1371CD751DB00F6FF05 /* What Wall 3D IOSTests */,
				5E6BC1421CD751DB00F6FF05 /* What Wall 3D IOSUITests */,
			);
		};
/* End PBXProject section */

/* Begin PBXResourcesBuildPhase section */
		5E6BC1201CD751DB00F6FF05 /* Resources */ = {
			isa = PBXResourcesBuildPhase;
			buildActionMask = 2147483647;
			files = (
				5E6BC1A61CD7723200F6FF05 /* MyParticleSystem2.scnp in Resources */,
				5E6BC1281CD751DB00F6FF05 /* art.scnassets in Resources */,
				8505160D1D3F104D004D8047 /* NasaAPIAccountInfo in Resources */,
				5E6BC1A71CD7723200F6FF05 /* MyParticleSystem3.scnp in Resources */,
				855A3BF21D5B536A008AF847 /* NASA images in Resources */,
				5E6BC1AB1CD7723200F6FF05 /* spark.png in Resources */,
				5E6BC1321CD751DB00F6FF05 /* LaunchScreen.storyboard in Resources */,
				855A3BFA1D5F58A3008AF847 /* Options.plist in Resources */,
				5E6BC12F1CD751DB00F6FF05 /* Assets.xcassets in Resources */,
				854188D61D62177700006F02 /* tutorial images in Resources */,
				855A3BF41D5C826D008AF847 /* NASAImages.plist in Resources */,
				855A3BE61D58551A008AF847 /* GoogleService-Info.plist in Resources */,
				851115C01D90D681006CF8C3 /* Logo image in Resources */,
				5E6BC1AC1CD7723200F6FF05 /* star.png in Resources */,
				5E6BC19A1CD7723200F6FF05 /* GameScene.sks in Resources */,
				5E6BC12D1CD751DB00F6FF05 /* Main.storyboard in Resources */,
				5E6BC1A31CD7723200F6FF05 /* MyParticle.sks in Resources */,
			);
			runOnlyForDeploymentPostprocessing = 0;
		};
		5E6BC1361CD751DB00F6FF05 /* Resources */ = {
			isa = PBXResourcesBuildPhase;
			buildActionMask = 2147483647;
			files = (
			);
			runOnlyForDeploymentPostprocessing = 0;
		};
		5E6BC1411CD751DB00F6FF05 /* Resources */ = {
			isa = PBXResourcesBuildPhase;
			buildActionMask = 2147483647;
			files = (
			);
			runOnlyForDeploymentPostprocessing = 0;
		};
/* End PBXResourcesBuildPhase section */

/* Begin PBXShellScriptBuildPhase section */
		1368C9F93B22236A86301955 /* [CP] Copy Pods Resources */ = {
			isa = PBXShellScriptBuildPhase;
			buildActionMask = 2147483647;
			files = (
			);
			inputPaths = (
			);
			name = "[CP] Copy Pods Resources";
			outputPaths = (
			);
			runOnlyForDeploymentPostprocessing = 0;
			shellPath = /bin/sh;
			shellScript = "\"${SRCROOT}/Pods/Target Support Files/Pods-What Wall 3D IOSUITests/Pods-What Wall 3D IOSUITests-resources.sh\"\n";
			showEnvVarsInLog = 0;
		};
		2D3031371AF8F8CB34BC8D1A /* [CP] Check Pods Manifest.lock */ = {
			isa = PBXShellScriptBuildPhase;
			buildActionMask = 2147483647;
			files = (
			);
			inputPaths = (
			);
			name = "[CP] Check Pods Manifest.lock";
			outputPaths = (
			);
			runOnlyForDeploymentPostprocessing = 0;
			shellPath = /bin/sh;
			shellScript = "diff \"${PODS_ROOT}/../Podfile.lock\" \"${PODS_ROOT}/Manifest.lock\" > /dev/null\nif [[ $? != 0 ]] ; then\n    cat << EOM\nerror: The sandbox is not in sync with the Podfile.lock. Run 'pod install' or update your CocoaPods installation.\nEOM\n    exit 1\nfi\n";
			showEnvVarsInLog = 0;
		};
		338CEC0B37A9D7B4151B5CFE /* [CP] Embed Pods Frameworks */ = {
			isa = PBXShellScriptBuildPhase;
			buildActionMask = 2147483647;
			files = (
			);
			inputPaths = (
			);
			name = "[CP] Embed Pods Frameworks";
			outputPaths = (
			);
			runOnlyForDeploymentPostprocessing = 0;
			shellPath = /bin/sh;
			shellScript = "\"${SRCROOT}/Pods/Target Support Files/Pods-What Wall 3D IOS/Pods-What Wall 3D IOS-frameworks.sh\"\n";
			showEnvVarsInLog = 0;
		};
		631116EB98448CA6F587429D /* [CP] Copy Pods Resources */ = {
			isa = PBXShellScriptBuildPhase;
			buildActionMask = 2147483647;
			files = (
			);
			inputPaths = (
			);
			name = "[CP] Copy Pods Resources";
			outputPaths = (
			);
			runOnlyForDeploymentPostprocessing = 0;
			shellPath = /bin/sh;
			shellScript = "\"${SRCROOT}/Pods/Target Support Files/Pods-What Wall 3D IOSTests/Pods-What Wall 3D IOSTests-resources.sh\"\n";
			showEnvVarsInLog = 0;
		};
		8E390B8DAFF57A3A2F02E10A /* [CP] Check Pods Manifest.lock */ = {
			isa = PBXShellScriptBuildPhase;
			buildActionMask = 2147483647;
			files = (
			);
			inputPaths = (
			);
			name = "[CP] Check Pods Manifest.lock";
			outputPaths = (
			);
			runOnlyForDeploymentPostprocessing = 0;
			shellPath = /bin/sh;
			shellScript = "diff \"${PODS_ROOT}/../Podfile.lock\" \"${PODS_ROOT}/Manifest.lock\" > /dev/null\nif [[ $? != 0 ]] ; then\n    cat << EOM\nerror: The sandbox is not in sync with the Podfile.lock. Run 'pod install' or update your CocoaPods installation.\nEOM\n    exit 1\nfi\n";
			showEnvVarsInLog = 0;
		};
		9D5A7F649DA42C22D81D5925 /* [CP] Check Pods Manifest.lock */ = {
			isa = PBXShellScriptBuildPhase;
			buildActionMask = 2147483647;
			files = (
			);
			inputPaths = (
			);
			name = "[CP] Check Pods Manifest.lock";
			outputPaths = (
			);
			runOnlyForDeploymentPostprocessing = 0;
			shellPath = /bin/sh;
			shellScript = "diff \"${PODS_ROOT}/../Podfile.lock\" \"${PODS_ROOT}/Manifest.lock\" > /dev/null\nif [[ $? != 0 ]] ; then\n    cat << EOM\nerror: The sandbox is not in sync with the Podfile.lock. Run 'pod install' or update your CocoaPods installation.\nEOM\n    exit 1\nfi\n";
			showEnvVarsInLog = 0;
		};
		A2DE7F27465F03D0E17A43B8 /* [CP] Embed Pods Frameworks */ = {
			isa = PBXShellScriptBuildPhase;
			buildActionMask = 2147483647;
			files = (
			);
			inputPaths = (
			);
			name = "[CP] Embed Pods Frameworks";
			outputPaths = (
			);
			runOnlyForDeploymentPostprocessing = 0;
			shellPath = /bin/sh;
			shellScript = "\"${SRCROOT}/Pods/Target Support Files/Pods-What Wall 3D IOSTests/Pods-What Wall 3D IOSTests-frameworks.sh\"\n";
			showEnvVarsInLog = 0;
		};
		A42DB2207DD57978B451F3F5 /* [CP] Copy Pods Resources */ = {
			isa = PBXShellScriptBuildPhase;
			buildActionMask = 2147483647;
			files = (
			);
			inputPaths = (
			);
			name = "[CP] Copy Pods Resources";
			outputPaths = (
			);
			runOnlyForDeploymentPostprocessing = 0;
			shellPath = /bin/sh;
			shellScript = "\"${SRCROOT}/Pods/Target Support Files/Pods-What Wall 3D IOS/Pods-What Wall 3D IOS-resources.sh\"\n";
			showEnvVarsInLog = 0;
		};
/* End PBXShellScriptBuildPhase section */

/* Begin PBXSourcesBuildPhase section */
		5E6BC11E1CD751DB00F6FF05 /* Sources */ = {
			isa = PBXSourcesBuildPhase;
			buildActionMask = 2147483647;
			files = (
				5E6BC1AA1CD7723200F6FF05 /* SmashBlock.swift in Sources */,
				855A3BF61D5DFB18008AF847 /* RootViewController.swift in Sources */,
				5E6BC19B1CD7723200F6FF05 /* GameScene.swift in Sources */,
				5E6BC19E1CD7723200F6FF05 /* JoyStick.swift in Sources */,
				85C3480D1EACC8FA00F228C3 /* Color.swift in Sources */,
				5E6BC19F1CD7723200F6FF05 /* Maze.swift in Sources */,
				5E6BC1991CD7723200F6FF05 /* CornerBlock.swift in Sources */,
				85F9EEAA1D2ACEC90033F1F0 /* OptionsViewController.swift in Sources */,
				5E6BC1A81CD7723200F6FF05 /* Player.swift in Sources */,
				5E6BC1A01CD7723200F6FF05 /* MazeCell.swift in Sources */,
				5E6BC12A1CD751DB00F6FF05 /* GameViewController.swift in Sources */,
				85F9EEA61D2A9F170033F1F0 /* TitlePageViewController.swift in Sources */,
				5E6BC1261CD751DB00F6FF05 /* AppDelegate.swift in Sources */,
				5E6BC19D1CD7723200F6FF05 /* HudOverlay.swift in Sources */,
				855A3BF81D5F03BB008AF847 /* CongratulationsViewController.swift in Sources */,
				5E6BC19C1CD7723200F6FF05 /* GameView.swift in Sources */,
				855A3BEE1D58CCD0008AF847 /* OptionDetailsViewController.swift in Sources */,
			);
			runOnlyForDeploymentPostprocessing = 0;
		};
		5E6BC1341CD751DB00F6FF05 /* Sources */ = {
			isa = PBXSourcesBuildPhase;
			buildActionMask = 2147483647;
			files = (
				5E6BC13D1CD751DB00F6FF05 /* What_Wall_3D_IOSTests.swift in Sources */,
			);
			runOnlyForDeploymentPostprocessing = 0;
		};
		5E6BC13F1CD751DB00F6FF05 /* Sources */ = {
			isa = PBXSourcesBuildPhase;
			buildActionMask = 2147483647;
			files = (
				5E6BC1481CD751DB00F6FF05 /* What_Wall_3D_IOSUITests.swift in Sources */,
			);
			runOnlyForDeploymentPostprocessing = 0;
		};
/* End PBXSourcesBuildPhase section */

/* Begin PBXTargetDependency section */
		5E6BC13A1CD751DB00F6FF05 /* PBXTargetDependency */ = {
			isa = PBXTargetDependency;
			target = 5E6BC1211CD751DB00F6FF05 /* What Wall 3D IOS */;
			targetProxy = 5E6BC1391CD751DB00F6FF05 /* PBXContainerItemProxy */;
		};
		5E6BC1451CD751DB00F6FF05 /* PBXTargetDependency */ = {
			isa = PBXTargetDependency;
			target = 5E6BC1211CD751DB00F6FF05 /* What Wall 3D IOS */;
			targetProxy = 5E6BC1441CD751DB00F6FF05 /* PBXContainerItemProxy */;
		};
/* End PBXTargetDependency section */

/* Begin PBXVariantGroup section */
		5E6BC12B1CD751DB00F6FF05 /* Main.storyboard */ = {
			isa = PBXVariantGroup;
			children = (
				5E6BC12C1CD751DB00F6FF05 /* Base */,
			);
			name = Main.storyboard;
			sourceTree = "<group>";
		};
		5E6BC1301CD751DB00F6FF05 /* LaunchScreen.storyboard */ = {
			isa = PBXVariantGroup;
			children = (
				5E6BC1311CD751DB00F6FF05 /* Base */,
			);
			name = LaunchScreen.storyboard;
			sourceTree = "<group>";
		};
/* End PBXVariantGroup section */

/* Begin XCBuildConfiguration section */
		5E6BC14A1CD751DB00F6FF05 /* Debug */ = {
			isa = XCBuildConfiguration;
			buildSettings = {
				ALWAYS_SEARCH_USER_PATHS = NO;
				CLANG_CXX_LANGUAGE_STANDARD = "gnu++0x";
				CLANG_CXX_LIBRARY = "libc++";
				CLANG_ENABLE_MODULES = YES;
				CLANG_ENABLE_OBJC_ARC = YES;
				CLANG_WARN_BOOL_CONVERSION = YES;
				CLANG_WARN_CONSTANT_CONVERSION = YES;
				CLANG_WARN_DIRECT_OBJC_ISA_USAGE = YES_ERROR;
				CLANG_WARN_EMPTY_BODY = YES;
				CLANG_WARN_ENUM_CONVERSION = YES;
				CLANG_WARN_INFINITE_RECURSION = YES;
				CLANG_WARN_INT_CONVERSION = YES;
				CLANG_WARN_OBJC_ROOT_CLASS = YES_ERROR;
				CLANG_WARN_SUSPICIOUS_MOVE = YES;
				CLANG_WARN_UNREACHABLE_CODE = YES;
				CLANG_WARN__DUPLICATE_METHOD_MATCH = YES;
				"CODE_SIGN_IDENTITY[sdk=iphoneos*]" = "iPhone Developer";
				COPY_PHASE_STRIP = NO;
				DEBUG_INFORMATION_FORMAT = "dwarf-with-dsym";
				ENABLE_STRICT_OBJC_MSGSEND = YES;
				ENABLE_TESTABILITY = YES;
				GCC_C_LANGUAGE_STANDARD = gnu99;
				GCC_DYNAMIC_NO_PIC = NO;
				GCC_NO_COMMON_BLOCKS = YES;
				GCC_OPTIMIZATION_LEVEL = 0;
				GCC_PREPROCESSOR_DEFINITIONS = (
					"DEBUG=1",
					"$(inherited)",
				);
				GCC_WARN_64_TO_32_BIT_CONVERSION = YES;
				GCC_WARN_ABOUT_RETURN_TYPE = YES_ERROR;
				GCC_WARN_UNDECLARED_SELECTOR = YES;
				GCC_WARN_UNINITIALIZED_AUTOS = YES_AGGRESSIVE;
				GCC_WARN_UNUSED_FUNCTION = YES;
				GCC_WARN_UNUSED_VARIABLE = YES;
				IPHONEOS_DEPLOYMENT_TARGET = 9.0;
				MTL_ENABLE_DEBUG_INFO = YES;
				ONLY_ACTIVE_ARCH = YES;
				SDKROOT = iphoneos;
				SWIFT_OPTIMIZATION_LEVEL = "-Onone";
				SWIFT_VERSION = 2.3;
				TARGETED_DEVICE_FAMILY = "1,2";
			};
			name = Debug;
		};
		5E6BC14B1CD751DB00F6FF05 /* Release */ = {
			isa = XCBuildConfiguration;
			buildSettings = {
				ALWAYS_SEARCH_USER_PATHS = NO;
				CLANG_CXX_LANGUAGE_STANDARD = "gnu++0x";
				CLANG_CXX_LIBRARY = "libc++";
				CLANG_ENABLE_MODULES = YES;
				CLANG_ENABLE_OBJC_ARC = YES;
				CLANG_WARN_BOOL_CONVERSION = YES;
				CLANG_WARN_CONSTANT_CONVERSION = YES;
				CLANG_WARN_DIRECT_OBJC_ISA_USAGE = YES_ERROR;
				CLANG_WARN_EMPTY_BODY = YES;
				CLANG_WARN_ENUM_CONVERSION = YES;
				CLANG_WARN_INFINITE_RECURSION = YES;
				CLANG_WARN_INT_CONVERSION = YES;
				CLANG_WARN_OBJC_ROOT_CLASS = YES_ERROR;
				CLANG_WARN_SUSPICIOUS_MOVE = YES;
				CLANG_WARN_UNREACHABLE_CODE = YES;
				CLANG_WARN__DUPLICATE_METHOD_MATCH = YES;
				"CODE_SIGN_IDENTITY[sdk=iphoneos*]" = "iPhone Developer";
				COPY_PHASE_STRIP = NO;
				DEBUG_INFORMATION_FORMAT = "dwarf-with-dsym";
				ENABLE_NS_ASSERTIONS = NO;
				ENABLE_STRICT_OBJC_MSGSEND = YES;
				GCC_C_LANGUAGE_STANDARD = gnu99;
				GCC_NO_COMMON_BLOCKS = YES;
				GCC_WARN_64_TO_32_BIT_CONVERSION = YES;
				GCC_WARN_ABOUT_RETURN_TYPE = YES_ERROR;
				GCC_WARN_UNDECLARED_SELECTOR = YES;
				GCC_WARN_UNINITIALIZED_AUTOS = YES_AGGRESSIVE;
				GCC_WARN_UNUSED_FUNCTION = YES;
				GCC_WARN_UNUSED_VARIABLE = YES;
				IPHONEOS_DEPLOYMENT_TARGET = 9.0;
				MTL_ENABLE_DEBUG_INFO = NO;
				SDKROOT = iphoneos;
				SWIFT_OPTIMIZATION_LEVEL = "-Owholemodule";
				SWIFT_VERSION = 2.3;
				TARGETED_DEVICE_FAMILY = "1,2";
				VALIDATE_PRODUCT = YES;
			};
			name = Release;
		};
		5E6BC14D1CD751DB00F6FF05 /* Debug */ = {
			isa = XCBuildConfiguration;
			baseConfigurationReference = 9D3150717E9FBAB83DDF75BE /* Pods-What Wall 3D IOS.debug.xcconfig */;
			buildSettings = {
				ASSETCATALOG_COMPILER_APPICON_NAME = AppIcon;
				CODE_SIGN_IDENTITY = "iPhone Developer";
				"CODE_SIGN_IDENTITY[sdk=iphoneos*]" = "iPhone Developer";
				INFOPLIST_FILE = "What Wall 3D IOS/Info.plist";
				LD_RUNPATH_SEARCH_PATHS = "$(inherited) @executable_path/Frameworks";
				PRODUCT_BUNDLE_IDENTIFIER = "com.aggressiveTurtle.What-Wall-3D-IOS";
				PRODUCT_NAME = "$(TARGET_NAME)";
				PROVISIONING_PROFILE = "";
				SWIFT_VERSION = 3.0;
			};
			name = Debug;
		};
		5E6BC14E1CD751DB00F6FF05 /* Release */ = {
			isa = XCBuildConfiguration;
			baseConfigurationReference = F3337401632092CF164670B7 /* Pods-What Wall 3D IOS.release.xcconfig */;
			buildSettings = {
				ASSETCATALOG_COMPILER_APPICON_NAME = AppIcon;
				CODE_SIGN_IDENTITY = "iPhone Developer";
				"CODE_SIGN_IDENTITY[sdk=iphoneos*]" = "iPhone Developer";
				INFOPLIST_FILE = "What Wall 3D IOS/Info.plist";
				LD_RUNPATH_SEARCH_PATHS = "$(inherited) @executable_path/Frameworks";
				PRODUCT_BUNDLE_IDENTIFIER = "com.aggressiveTurtle.What-Wall-3D-IOS";
				PRODUCT_NAME = "$(TARGET_NAME)";
				PROVISIONING_PROFILE = "";
				SWIFT_VERSION = 3.0;
			};
			name = Release;
		};
		5E6BC1501CD751DB00F6FF05 /* Debug */ = {
			isa = XCBuildConfiguration;
			baseConfigurationReference = 4465DEA6E3A4A8723CEF6DEA /* Pods-What Wall 3D IOSTests.debug.xcconfig */;
			buildSettings = {
				BUNDLE_LOADER = "$(TEST_HOST)";
				DEBUG_INFORMATION_FORMAT = dwarf;
				INFOPLIST_FILE = "What Wall 3D IOSTests/Info.plist";
				LD_RUNPATH_SEARCH_PATHS = "$(inherited) @executable_path/Frameworks @loader_path/Frameworks";
				PRODUCT_BUNDLE_IDENTIFIER = "com.future.What-Wall-3D-IOSTests";
				PRODUCT_NAME = "$(TARGET_NAME)";
				SWIFT_VERSION = 3.0;
				TEST_HOST = "$(BUILT_PRODUCTS_DIR)/What Wall 3D IOS.app/What Wall 3D IOS";
			};
			name = Debug;
		};
		5E6BC1511CD751DB00F6FF05 /* Release */ = {
			isa = XCBuildConfiguration;
			baseConfigurationReference = 8AAE02ED659CC14A36048DF3 /* Pods-What Wall 3D IOSTests.release.xcconfig */;
			buildSettings = {
				BUNDLE_LOADER = "$(TEST_HOST)";
				INFOPLIST_FILE = "What Wall 3D IOSTests/Info.plist";
				LD_RUNPATH_SEARCH_PATHS = "$(inherited) @executable_path/Frameworks @loader_path/Frameworks";
				PRODUCT_BUNDLE_IDENTIFIER = "com.future.What-Wall-3D-IOSTests";
				PRODUCT_NAME = "$(TARGET_NAME)";
				SWIFT_VERSION = 3.0;
				TEST_HOST = "$(BUILT_PRODUCTS_DIR)/What Wall 3D IOS.app/What Wall 3D IOS";
			};
			name = Release;
		};
		5E6BC1531CD751DB00F6FF05 /* Debug */ = {
			isa = XCBuildConfiguration;
			baseConfigurationReference = AB3265D4602F2CF5DB8AF7BB /* Pods-What Wall 3D IOSUITests.debug.xcconfig */;
			buildSettings = {
				CODE_SIGN_IDENTITY = "iPhone Developer";
				DEBUG_INFORMATION_FORMAT = dwarf;
				INFOPLIST_FILE = "What Wall 3D IOSUITests/Info.plist";
				LD_RUNPATH_SEARCH_PATHS = "$(inherited) @executable_path/Frameworks @loader_path/Frameworks";
				PRODUCT_BUNDLE_IDENTIFIER = "com.future.What-Wall-3D-IOSUITests";
				PRODUCT_NAME = "$(TARGET_NAME)";
				SWIFT_VERSION = 3.0;
				TEST_TARGET_NAME = "What Wall 3D IOS";
				USES_XCTRUNNER = YES;
			};
			name = Debug;
		};
		5E6BC1541CD751DB00F6FF05 /* Release */ = {
			isa = XCBuildConfiguration;
			baseConfigurationReference = 19383F67FC5807333BFD78C5 /* Pods-What Wall 3D IOSUITests.release.xcconfig */;
			buildSettings = {
				CODE_SIGN_IDENTITY = "iPhone Developer";
				INFOPLIST_FILE = "What Wall 3D IOSUITests/Info.plist";
				LD_RUNPATH_SEARCH_PATHS = "$(inherited) @executable_path/Frameworks @loader_path/Frameworks";
				PRODUCT_BUNDLE_IDENTIFIER = "com.future.What-Wall-3D-IOSUITests";
				PRODUCT_NAME = "$(TARGET_NAME)";
				SWIFT_VERSION = 3.0;
				TEST_TARGET_NAME = "What Wall 3D IOS";
				USES_XCTRUNNER = YES;
			};
			name = Release;
		};
/* End XCBuildConfiguration section */

/* Begin XCConfigurationList section */
		5E6BC11D1CD751DB00F6FF05 /* Build configuration list for PBXProject "What Wall 3D IOS" */ = {
			isa = XCConfigurationList;
			buildConfigurations = (
				5E6BC14A1CD751DB00F6FF05 /* Debug */,
				5E6BC14B1CD751DB00F6FF05 /* Release */,
			);
			defaultConfigurationIsVisible = 0;
			defaultConfigurationName = Release;
		};
		5E6BC14C1CD751DB00F6FF05 /* Build configuration list for PBXNativeTarget "What Wall 3D IOS" */ = {
			isa = XCConfigurationList;
			buildConfigurations = (
				5E6BC14D1CD751DB00F6FF05 /* Debug */,
				5E6BC14E1CD751DB00F6FF05 /* Release */,
			);
			defaultConfigurationIsVisible = 0;
			defaultConfigurationName = Release;
		};
		5E6BC14F1CD751DB00F6FF05 /* Build configuration list for PBXNativeTarget "What Wall 3D IOSTests" */ = {
			isa = XCConfigurationList;
			buildConfigurations = (
				5E6BC1501CD751DB00F6FF05 /* Debug */,
				5E6BC1511CD751DB00F6FF05 /* Release */,
			);
			defaultConfigurationIsVisible = 0;
			defaultConfigurationName = Release;
		};
		5E6BC1521CD751DB00F6FF05 /* Build configuration list for PBXNativeTarget "What Wall 3D IOSUITests" */ = {
			isa = XCConfigurationList;
			buildConfigurations = (
				5E6BC1531CD751DB00F6FF05 /* Debug */,
				5E6BC1541CD751DB00F6FF05 /* Release */,
			);
			defaultConfigurationIsVisible = 0;
			defaultConfigurationName = Release;
		};
/* End XCConfigurationList section */
	};
	rootObject = 5E6BC11A1CD751DB00F6FF05 /* Project object */;
}
